PODS:
  - AFNetworking (3.2.1):
    - AFNetworking/NSURLSession (= 3.2.1)
    - AFNetworking/Reachability (= 3.2.1)
    - AFNetworking/Security (= 3.2.1)
    - AFNetworking/Serialization (= 3.2.1)
    - AFNetworking/UIKit (= 3.2.1)
  - AFNetworking/NSURLSession (3.2.1):
    - AFNetworking/Reachability
    - AFNetworking/Security
    - AFNetworking/Serialization
  - AFNetworking/Reachability (3.2.1)
  - AFNetworking/Security (3.2.1)
  - AFNetworking/Serialization (3.2.1)
  - AFNetworking/UIKit (3.2.1):
    - AFNetworking/NSURLSession
  - HLNetworking (0.1.0):
    - AFNetworking
    - HLNetworking/AppContext (= 0.1.0)
    - HLNetworking/Categories (= 0.1.0)
    - HLNetworking/Components (= 0.1.0)
    - HLNetworking/Generators (= 0.1.0)
    - HLNetworking/NetworkConfig (= 0.1.0)
  - HLNetworking/AppContext (0.1.0):
    - AFNetworking
  - HLNetworking/Categories (0.1.0):
    - AFNetworking
  - HLNetworking/Components (0.1.0):
    - AFNetworking
    - HLNetworking/Components/BaseAPIManager (= 0.1.0)
    - HLNetworking/Components/HLApiProxy (= 0.1.0)
    - HLNetworking/Components/LocationManager (= 0.1.0)
    - HLNetworking/Components/Loger (= 0.1.0)
    - HLNetworking/Components/URLResponse (= 0.1.0)
  - HLNetworking/Components/BaseAPIManager (0.1.0):
    - AFNetworking
  - HLNetworking/Components/HLApiProxy (0.1.0):
    - AFNetworking
  - HLNetworking/Components/LocationManager (0.1.0):
    - AFNetworking
  - HLNetworking/Components/Loger (0.1.0):
    - AFNetworking
  - HLNetworking/Components/URLResponse (0.1.0):
    - AFNetworking
  - HLNetworking/Generators (0.1.0):
    - AFNetworking
    - HLNetworking/Generators/RequestGenerator (= 0.1.0)
  - HLNetworking/Generators/RequestGenerator (0.1.0):
    - AFNetworking
  - HLNetworking/NetworkConfig (0.1.0):
    - AFNetworking

DEPENDENCIES:
  - HLNetworking (from `../`)

SPEC REPOS:
  https://github.com/cocoapods/specs.git:
    - AFNetworking

EXTERNAL SOURCES:
  HLNetworking:
    :path: "../"

SPEC CHECKSUMS:
  AFNetworking: b6f891fdfaed196b46c7a83cf209e09697b94057
  HLNetworking: 1c9f33d2e80a1ba552cfb8996fa15092112aeda3

PODFILE CHECKSUM: 336814f44de06b3475507264a67e0c2d9da97d53

COCOAPODS: 1.5.3
